// !$*UTF8*$!
{
	archiveVersion = 1;
	classes = {
	};
	objectVersion = 46;
	objects = {

/* Begin PBXBuildFile section */
		C9EBD8371946162F001868F8 /* Foundation.framework in Frameworks */ = {isa = PBXBuildFile; fileRef = C9EBD8361946162F001868F8 /* Foundation.framework */; };
		C9EBD8391946162F001868F8 /* CoreGraphics.framework in Frameworks */ = {isa = PBXBuildFile; fileRef = C9EBD8381946162F001868F8 /* CoreGraphics.framework */; };
		C9EBD83B1946162F001868F8 /* UIKit.framework in Frameworks */ = {isa = PBXBuildFile; fileRef = C9EBD83A1946162F001868F8 /* UIKit.framework */; };
		C9EBD8411946162F001868F8 /* InfoPlist.strings in Resources */ = {isa = PBXBuildFile; fileRef = C9EBD83F1946162F001868F8 /* InfoPlist.strings */; };
		C9EBD8431946162F001868F8 /* main.m in Sources */ = {isa = PBXBuildFile; fileRef = C9EBD8421946162F001868F8 /* main.m */; };
		C9EBD8471946162F001868F8 /* AppDelegate.m in Sources */ = {isa = PBXBuildFile; fileRef = C9EBD8461946162F001868F8 /* AppDelegate.m */; };
		C9EBD8491946162F001868F8 /* Images.xcassets in Resources */ = {isa = PBXBuildFile; fileRef = C9EBD8481946162F001868F8 /* Images.xcassets */; };
		C9EBD8501946162F001868F8 /* XCTest.framework in Frameworks */ = {isa = PBXBuildFile; fileRef = C9EBD84F1946162F001868F8 /* XCTest.framework */; };
		C9EBD8511946162F001868F8 /* Foundation.framework in Frameworks */ = {isa = PBXBuildFile; fileRef = C9EBD8361946162F001868F8 /* Foundation.framework */; };
		C9EBD8521946162F001868F8 /* UIKit.framework in Frameworks */ = {isa = PBXBuildFile; fileRef = C9EBD83A1946162F001868F8 /* UIKit.framework */; };
		C9EBD85A1946162F001868F8 /* InfoPlist.strings in Resources */ = {isa = PBXBuildFile; fileRef = C9EBD8581946162F001868F8 /* InfoPlist.strings */; };
		C9EBD85C1946162F001868F8 /* FB_StoryTests.m in Sources */ = {isa = PBXBuildFile; fileRef = C9EBD85B1946162F001868F8 /* FB_StoryTests.m */; };
/* End PBXBuildFile section */

/* Begin PBXContainerItemProxy section */
		C9EBD8531946162F001868F8 /* PBXContainerItemProxy */ = {
			isa = PBXContainerItemProxy;
			containerPortal = C9EBD82B1946162F001868F8 /* Project object */;
			proxyType = 1;
			remoteGlobalIDString = C9EBD8321946162F001868F8;
			remoteInfo = "FB Story";
		};
/* End PBXContainerItemProxy section */

/* Begin PBXFileReference section */
		C9EBD8331946162F001868F8 /* FB Story.app */ = {isa = PBXFileReference; explicitFileType = wrapper.application; includeInIndex = 0; path = "FB Story.app"; sourceTree = BUILT_PRODUCTS_DIR; };
		C9EBD8361946162F001868F8 /* Foundation.framework */ = {isa = PBXFileReference; lastKnownFileType = wrapper.framework; name = Foundation.framework; path = System/Library/Frameworks/Foundation.framework; sourceTree = SDKROOT; };
		C9EBD8381946162F001868F8 /* CoreGraphics.framework */ = {isa = PBXFileReference; lastKnownFileType = wrapper.framework; name = CoreGraphics.framework; path = System/Library/Frameworks/CoreGraphics.framework; sourceTree = SDKROOT; };
		C9EBD83A1946162F001868F8 /* UIKit.framework */ = {isa = PBXFileReference; lastKnownFileType = wrapper.framework; name = UIKit.framework; path = System/Library/Frameworks/UIKit.framework; sourceTree = SDKROOT; };
		C9EBD83E1946162F001868F8 /* FB Story-Info.plist */ = {isa = PBXFileReference; lastKnownFileType = text.plist.xml; path = "FB Story-Info.plist"; sourceTree = "<group>"; };
		C9EBD8401946162F001868F8 /* en */ = {isa = PBXFileReference; lastKnownFileType = text.plist.strings; name = en; path = en.lproj/InfoPlist.strings; sourceTree = "<group>"; };
		C9EBD8421946162F001868F8 /* main.m */ = {isa = PBXFileReference; lastKnownFileType = sourcecode.c.objc; path = main.m; sourceTree = "<group>"; };
		C9EBD8441946162F001868F8 /* FB Story-Prefix.pch */ = {isa = PBXFileReference; lastKnownFileType = sourcecode.c.h; path = "FB Story-Prefix.pch"; sourceTree = "<group>"; };
		C9EBD8451946162F001868F8 /* AppDelegate.h */ = {isa = PBXFileReference; lastKnownFileType = sourcecode.c.h; path = AppDelegate.h; sourceTree = "<group>"; };
		C9EBD8461946162F001868F8 /* AppDelegate.m */ = {isa = PBXFileReference; lastKnownFileType = sourcecode.c.objc; path = AppDelegate.m; sourceTree = "<group>"; };
		C9EBD8481946162F001868F8 /* Images.xcassets */ = {isa = PBXFileReference; lastKnownFileType = folder.assetcatalog; path = Images.xcassets; sourceTree = "<group>"; };
		C9EBD84E1946162F001868F8 /* FB StoryTests.xctest */ = {isa = PBXFileReference; explicitFileType = wrapper.cfbundle; includeInIndex = 0; path = "FB StoryTests.xctest"; sourceTree = BUILT_PRODUCTS_DIR; };
		C9EBD84F1946162F001868F8 /* XCTest.framework */ = {isa = PBXFileReference; lastKnownFileType = wrapper.framework; name = XCTest.framework; path = Library/Frameworks/XCTest.framework; sourceTree = DEVELOPER_DIR; };
		C9EBD8571946162F001868F8 /* FB StoryTests-Info.plist */ = {isa = PBXFileReference; lastKnownFileType = text.plist.xml; path = "FB StoryTests-Info.plist"; sourceTree = "<group>"; };
		C9EBD8591946162F001868F8 /* en */ = {isa = PBXFileReference; lastKnownFileType = text.plist.strings; name = en; path = en.lproj/InfoPlist.strings; sourceTree = "<group>"; };
		C9EBD85B1946162F001868F8 /* FB_StoryTests.m */ = {isa = PBXFileReference; lastKnownFileType = sourcecode.c.objc; path = FB_StoryTests.m; sourceTree = "<group>"; };
/* End PBXFileReference section */

/* Begin PBXFrameworksBuildPhase section */
		C9EBD8301946162F001868F8 /* Frameworks */ = {
			isa = PBXFrameworksBuildPhase;
			buildActionMask = 2147483647;
			files = (
				C9EBD8391946162F001868F8 /* CoreGraphics.framework in Frameworks */,
				C9EBD83B1946162F001868F8 /* UIKit.framework in Frameworks */,
				C9EBD8371946162F001868F8 /* Foundation.framework in Frameworks */,
			);
			runOnlyForDeploymentPostprocessing = 0;
		};
		C9EBD84B1946162F001868F8 /* Frameworks */ = {
			isa = PBXFrameworksBuildPhase;
			buildActionMask = 2147483647;
			files = (
				C9EBD8501946162F001868F8 /* XCTest.framework in Frameworks */,
				C9EBD8521946162F001868F8 /* UIKit.framework in Frameworks */,
				C9EBD8511946162F001868F8 /* Foundation.framework in Frameworks */,
			);
			runOnlyForDeploymentPostprocessing = 0;
		};
/* End PBXFrameworksBuildPhase section */

/* Begin PBXGroup section */
		C9EBD82A1946162F001868F8 = {
			isa = PBXGroup;
			children = (
				C9EBD83C1946162F001868F8 /* FB Story */,
				C9EBD8551946162F001868F8 /* FB StoryTests */,
				C9EBD8351946162F001868F8 /* Frameworks */,
				C9EBD8341946162F001868F8 /* Products */,
			);
			sourceTree = "<group>";
		};
		C9EBD8341946162F001868F8 /* Products */ = {
			isa = PBXGroup;
			children = (
				C9EBD8331946162F001868F8 /* FB Story.app */,
				C9EBD84E1946162F001868F8 /* FB StoryTests.xctest */,
			);
			name = Products;
			sourceTree = "<group>";
		};
		C9EBD8351946162F001868F8 /* Frameworks */ = {
			isa = PBXGroup;
			children = (
				C9EBD8361946162F001868F8 /* Foundation.framework */,
				C9EBD8381946162F001868F8 /* CoreGraphics.framework */,
				C9EBD83A1946162F001868F8 /* UIKit.framework */,
				C9EBD84F1946162F001868F8 /* XCTest.framework */,
			);
			name = Frameworks;
			sourceTree = "<group>";
		};
		C9EBD83C1946162F001868F8 /* FB Story */ = {
			isa = PBXGroup;
			children = (
				C9EBD8451946162F001868F8 /* AppDelegate.h */,
				C9EBD8461946162F001868F8 /* AppDelegate.m */,
				C9EBD8481946162F001868F8 /* Images.xcassets */,
				C9EBD83D1946162F001868F8 /* Supporting Files */,
			);
			path = "FB Story";
			sourceTree = "<group>";
		};
		C9EBD83D1946162F001868F8 /* Supporting Files */ = {
			isa = PBXGroup;
			children = (
				C9EBD83E1946162F001868F8 /* FB Story-Info.plist */,
				C9EBD83F1946162F001868F8 /* InfoPlist.strings */,
				C9EBD8421946162F001868F8 /* main.m */,
				C9EBD8441946162F001868F8 /* FB Story-Prefix.pch */,
			);
			name = "Supporting Files";
			sourceTree = "<group>";
		};
		C9EBD8551946162F001868F8 /* FB StoryTests */ = {
			isa = PBXGroup;
			children = (
				C9EBD85B1946162F001868F8 /* FB_StoryTests.m */,
				C9EBD8561946162F001868F8 /* Supporting Files */,
			);
			path = "FB StoryTests";
			sourceTree = "<group>";
		};
		C9EBD8561946162F001868F8 /* Supporting Files */ = {
			isa = PBXGroup;
			children = (
				C9EBD8571946162F001868F8 /* FB StoryTests-Info.plist */,
				C9EBD8581946162F001868F8 /* InfoPlist.strings */,
			);
			name = "Supporting Files";
			sourceTree = "<group>";
		};
/* End PBXGroup section */

/* Begin PBXNativeTarget section */
		C9EBD8321946162F001868F8 /* FB Story */ = {
			isa = PBXNativeTarget;
			buildConfigurationList = C9EBD85F1946162F001868F8 /* Build configuration list for PBXNativeTarget "FB Story" */;
			buildPhases = (
				C9EBD82F1946162F001868F8 /* Sources */,
				C9EBD8301946162F001868F8 /* Frameworks */,
				C9EBD8311946162F001868F8 /* Resources */,
			);
			buildRules = (
			);
			dependencies = (
			);
			name = "FB Story";
			productName = "FB Story";
			productReference = C9EBD8331946162F001868F8 /* FB Story.app */;
			productType = "com.apple.product-type.application";
		};
		C9EBD84D1946162F001868F8 /* FB StoryTests */ = {
			isa = PBXNativeTarget;
			buildConfigurationList = C9EBD8621946162F001868F8 /* Build configuration list for PBXNativeTarget "FB StoryTests" */;
			buildPhases = (
				C9EBD84A1946162F001868F8 /* Sources */,
				C9EBD84B1946162F001868F8 /* Frameworks */,
				C9EBD84C1946162F001868F8 /* Resources */,
			);
			buildRules = (
			);
			dependencies = (
				C9EBD8541946162F001868F8 /* PBXTargetDependency */,
			);
			name = "FB StoryTests";
			productName = "FB StoryTests";
			productReference = C9EBD84E1946162F001868F8 /* FB StoryTests.xctest */;
			productType = "com.apple.product-type.bundle.unit-test";
		};
/* End PBXNativeTarget section */

/* Begin PBXProject section */
		C9EBD82B1946162F001868F8 /* Project object */ = {
			isa = PBXProject;
			attributes = {
				LastUpgradeCheck = 0510;
				ORGANIZATIONNAME = "Matt Mitchell";
				TargetAttributes = {
					C9EBD84D1946162F001868F8 = {
						TestTargetID = C9EBD8321946162F001868F8;
					};
				};
			};
			buildConfigurationList = C9EBD82E1946162F001868F8 /* Build configuration list for PBXProject "FB Story" */;
			compatibilityVersion = "Xcode 3.2";
			developmentRegion = English;
			hasScannedForEncodings = 0;
			knownRegions = (
				en,
			);
			mainGroup = C9EBD82A1946162F001868F8;
			productRefGroup = C9EBD8341946162F001868F8 /* Products */;
			projectDirPath = "";
			projectRoot = "";
			targets = (
				C9EBD8321946162F001868F8 /* FB Story */,
				C9EBD84D1946162F001868F8 /* FB StoryTests */,
			);
		};
/* End PBXProject section */

/* Begin PBXResourcesBuildPhase section */
		C9EBD8311946162F001868F8 /* Resources */ = {
			isa = PBXResourcesBuildPhase;
			buildActionMask = 2147483647;
			files = (
				C9EBD8411946162F001868F8 /* InfoPlist.strings in Resources */,
				C9EBD8491946162F001868F8 /* Images.xcassets in Resources */,
			);
			runOnlyForDeploymentPostprocessing = 0;
		};
		C9EBD84C1946162F001868F8 /* Resources */ = {
			isa = PBXResourcesBuildPhase;
			buildActionMask = 2147483647;
			files = (
				C9EBD85A1946162F001868F8 /* InfoPlist.strings in Resources */,
			);
			runOnlyForDeploymentPostprocessing = 0;
		};
/* End PBXResourcesBuildPhase section */

/* Begin PBXSourcesBuildPhase section */
		C9EBD82F1946162F001868F8 /* Sources */ = {
			isa = PBXSourcesBuildPhase;
			buildActionMask = 2147483647;
			files = (
				C9EBD8471946162F001868F8 /* AppDelegate.m in Sources */,
				C9EBD8431946162F001868F8 /* main.m in Sources */,
			);
			runOnlyForDeploymentPostprocessing = 0;
		};
		C9EBD84A1946162F001868F8 /* Sources */ = {
			isa = PBXSourcesBuildPhase;
			buildActionMask = 2147483647;
			files = (
				C9EBD85C1946162F001868F8 /* FB_StoryTests.m in Sources */,
			);
			runOnlyForDeploymentPostprocessing = 0;
		};
/* End PBXSourcesBuildPhase section */

/* Begin PBXTargetDependency section */
		C9EBD8541946162F001868F8 /* PBXTargetDependency */ = {
			isa = PBXTargetDependency;
			target = C9EBD8321946162F001868F8 /* FB Story */;
			targetProxy = C9EBD8531946162F001868F8 /* PBXContainerItemProxy */;
		};
/* End PBXTargetDependency section */

/* Begin PBXVariantGroup section */
		C9EBD83F1946162F001868F8 /* InfoPlist.strings */ = {
			isa = PBXVariantGroup;
			children = (
				C9EBD8401946162F001868F8 /* en */,
			);
			name = InfoPlist.strings;
			sourceTree = "<group>";
		};
		C9EBD8581946162F001868F8 /* InfoPlist.strings */ = {
			isa = PBXVariantGroup;
			children = (
				C9EBD8591946162F001868F8 /* en */,
			);
			name = InfoPlist.strings;
			sourceTree = "<group>";
		};
/* End PBXVariantGroup section */

/* Begin XCBuildConfiguration section */
		C9EBD85D1946162F001868F8 /* Debug */ = {
			isa = XCBuildConfiguration;
			buildSettings = {
				ALWAYS_SEARCH_USER_PATHS = NO;
				CLANG_CXX_LANGUAGE_STANDARD = "gnu++0x";
				CLANG_CXX_LIBRARY = "libc++";
				CLANG_ENABLE_MODULES = YES;
				CLANG_ENABLE_OBJC_ARC = YES;
				CLANG_WARN_BOOL_CONVERSION = YES;
				CLANG_WARN_CONSTANT_CONVERSION = YES;
				CLANG_WARN_DIRECT_OBJC_ISA_USAGE = YES_ERROR;
				CLANG_WARN_EMPTY_BODY = YES;
				CLANG_WARN_ENUM_CONVERSION = YES;
				CLANG_WARN_INT_CONVERSION = YES;
				CLANG_WARN_OBJC_ROOT_CLASS = YES_ERROR;
				CLANG_WARN__DUPLICATE_METHOD_MATCH = YES;
				"CODE_SIGN_IDENTITY[sdk=iphoneos*]" = "iPhone Developer";
				COPY_PHASE_STRIP = NO;
				GCC_C_LANGUAGE_STANDARD = gnu99;
				GCC_DYNAMIC_NO_PIC = NO;
				GCC_OPTIMIZATION_LEVEL = 0;
				GCC_PREPROCESSOR_DEFINITIONS = (
					"DEBUG=1",
					"$(inherited)",
				);
				GCC_SYMBOLS_PRIVATE_EXTERN = NO;
				GCC_WARN_64_TO_32_BIT_CONVERSION = YES;
				GCC_WARN_ABOUT_RETURN_TYPE = YES_ERROR;
				GCC_WARN_UNDECLARED_SELECTOR = YES;
				GCC_WARN_UNINITIALIZED_AUTOS = YES_AGGRESSIVE;
				GCC_WARN_UNUSED_FUNCTION = YES;
				GCC_WARN_UNUSED_VARIABLE = YES;
				IPHONEOS_DEPLOYMENT_TARGET = 7.1;
				ONLY_ACTIVE_ARCH = YES;
				SDKROOT = iphoneos;
			};
			name = Debug;
		};
		C9EBD85E1946162F001868F8 /* Release */ = {
			isa = XCBuildConfiguration;
			buildSettings = {
				ALWAYS_SEARCH_USER_PATHS = NO;
				CLANG_CXX_LANGUAGE_STANDARD = "gnu++0x";
				CLANG_CXX_LIBRARY = "libc++";
				CLANG_ENABLE_MODULES = YES;
				CLANG_ENABLE_OBJC_ARC = YES;
				CLANG_WARN_BOOL_CONVERSION = YES;
				CLANG_WARN_CONSTANT_CONVERSION = YES;
				CLANG_WARN_DIRECT_OBJC_ISA_USAGE = YES_ERROR;
				CLANG_WARN_EMPTY_BODY = YES;
				CLANG_WARN_ENUM_CONVERSION = YES;
				CLANG_WARN_INT_CONVERSION = YES;
				CLANG_WARN_OBJC_ROOT_CLASS = YES_ERROR;
				CLANG_WARN__DUPLICATE_METHOD_MATCH = YES;
				"CODE_SIGN_IDENTITY[sdk=iphoneos*]" = "iPhone Developer";
				COPY_PHASE_STRIP = YES;
				ENABLE_NS_ASSERTIONS = NO;
				GCC_C_LANGUAGE_STANDARD = gnu99;
				GCC_WARN_64_TO_32_BIT_CONVERSION = YES;
				GCC_WARN_ABOUT_RETURN_TYPE = YES_ERROR;
				GCC_WARN_UNDECLARED_SELECTOR = YES;
				GCC_WARN_UNINITIALIZED_AUTOS = YES_AGGRESSIVE;
				GCC_WARN_UNUSED_FUNCTION = YES;
				GCC_WARN_UNUSED_VARIABLE = YES;
				IPHONEOS_DEPLOYMENT_TARGET = 7.1;
				SDKROOT = iphoneos;
				VALIDATE_PRODUCT = YES;
			};
			name = Release;
		};
		C9EBD8601946162F001868F8 /* Debug */ = {
			isa = XCBuildConfiguration;
			buildSettings = {
				ASSETCATALOG_COMPILER_APPICON_NAME = AppIcon;
				ASSETCATALOG_COMPILER_LAUNCHIMAGE_NAME = LaunchImage;
				GCC_PRECOMPILE_PREFIX_HEADER = YES;
				GCC_PREFIX_HEADER = "FB Story/FB Story-Prefix.pch";
				INFOPLIST_FILE = "FB Story/FB Story-Info.plist";
				PRODUCT_NAME = "$(TARGET_NAME)";
				WRAPPER_EXTENSION = app;
			};
			name = Debug;
		};
		C9EBD8611946162F001868F8 /* Release */ = {
			isa = XCBuildConfiguration;
			buildSettings = {
				ASSETCATALOG_COMPILER_APPICON_NAME = AppIcon;
				ASSETCATALOG_COMPILER_LAUNCHIMAGE_NAME = LaunchImage;
				GCC_PRECOMPILE_PREFIX_HEADER = YES;
				GCC_PREFIX_HEADER = "FB Story/FB Story-Prefix.pch";
				INFOPLIST_FILE = "FB Story/FB Story-Info.plist";
				PRODUCT_NAME = "$(TARGET_NAME)";
				WRAPPER_EXTENSION = app;
			};
			name = Release;
		};
		C9EBD8631946162F001868F8 /* Debug */ = {
			isa = XCBuildConfiguration;
			buildSettings = {
				BUNDLE_LOADER = "$(BUILT_PRODUCTS_DIR)/FB Story.app/FB Story";
				FRAMEWORK_SEARCH_PATHS = (
					"$(SDKROOT)/Developer/Library/Frameworks",
					"$(inherited)",
					"$(DEVELOPER_FRAMEWORKS_DIR)",
				);
				GCC_PRECOMPILE_PREFIX_HEADER = YES;
				GCC_PREFIX_HEADER = "FB Story/FB Story-Prefix.pch";
				GCC_PREPROCESSOR_DEFINITIONS = (
					"DEBUG=1",
					"$(inherited)",
				);
				INFOPLIST_FILE = "FB StoryTests/FB StoryTests-Info.plist";
				PRODUCT_NAME = "$(TARGET_NAME)";
				TEST_HOST = "$(BUNDLE_LOADER)";
				WRAPPER_EXTENSION = xctest;
			};
			name = Debug;
		};
		C9EBD8641946162F001868F8 /* Release */ = {
			isa = XCBuildConfiguration;
			buildSettings = {
				BUNDLE_LOADER = "$(BUILT_PRODUCTS_DIR)/FB Story.app/FB Story";
				FRAMEWORK_SEARCH_PATHS = (
					"$(SDKROOT)/Developer/Library/Frameworks",
					"$(inherited)",
					"$(DEVELOPER_FRAMEWORKS_DIR)",
				);
				GCC_PRECOMPILE_PREFIX_HEADER = YES;
				GCC_PREFIX_HEADER = "FB Story/FB Story-Prefix.pch";
				INFOPLIST_FILE = "FB StoryTests/FB StoryTests-Info.plist";
				PRODUCT_NAME = "$(TARGET_NAME)";
				TEST_HOST = "$(BUNDLE_LOADER)";
				WRAPPER_EXTENSION = xctest;
			};
			name = Release;
		};
/* End XCBuildConfiguration section */

/* Begin XCConfigurationList section */
		C9EBD82E1946162F001868F8 /* Build configuration list for PBXProject "FB Story" */ = {
			isa = XCConfigurationList;
			buildConfigurations = (
				C9EBD85D1946162F001868F8 /* Debug */,
				C9EBD85E1946162F001868F8 /* Release */,
			);
			defaultConfigurationIsVisible = 0;
			defaultConfigurationName = Release;
		};
		C9EBD85F1946162F001868F8 /* Build configuration list for PBXNativeTarget "FB Story" */ = {
			isa = XCConfigurationList;
			buildConfigurations = (
				C9EBD8601946162F001868F8 /* Debug */,
				C9EBD8611946162F001868F8 /* Release */,
			);
			defaultConfigurationIsVisible = 0;
		};
		C9EBD8621946162F001868F8 /* Build configuration list for PBXNativeTarget "FB StoryTests" */ = {
			isa = XCConfigurationList;
			buildConfigurations = (
				C9EBD8631946162F001868F8 /* Debug */,
				C9EBD8641946162F001868F8 /* Release */,
			);
			defaultConfigurationIsVisible = 0;
		};
/* End XCConfigurationList section */
	};
	rootObject = C9EBD82B1946162F001868F8 /* Project object */;
}
